
Microsoft Visual Studio Solution File, Format Version 12.00
# Visual Studio 15
VisualStudioVersion = 15.0.27703.2018
MinimumVisualStudioVersion = 10.0.40219.1
Project("{FAE04EC0-301F-11D3-BF4B-00C04F79EFBC}") = "StudentskaBankaWebAPI", "StudentskaBankaWebAPI\StudentskaBankaWebAPI.csproj", "{00E2FE33-FB7B-427E-88AB-2CEDAD8CF27B}"
EndProject
Global
	GlobalSection(SolutionConfigurationPlatforms) = preSolution
		Debug|Any CPU = Debug|Any CPU
		Release|Any CPU = Release|Any CPU
	EndGlobalSection
	GlobalSection(ProjectConfigurationPlatforms) = postSolution
		{00E2FE33-FB7B-427E-88AB-2CEDAD8CF27B}.Debug|Any CPU.ActiveCfg = Debug|Any CPU
		{00E2FE33-FB7B-427E-88AB-2CEDAD8CF27B}.Debug|Any CPU.Build.0 = Debug|Any CPU
		{00E2FE33-FB7B-427E-88AB-2CEDAD8CF27B}.Release|Any CPU.ActiveCfg = Release|Any CPU
		{00E2FE33-FB7B-427E-88AB-2CEDAD8CF27B}.Release|Any CPU.Build.0 = Release|Any CPU
	EndGlobalSection
	GlobalSection(SolutionProperties) = preSolution
		HideSolutionNode = FALSE
	EndGlobalSection
	GlobalSection(ExtensibilityGlobals) = postSolution
		SolutionGuid = {3D3FD4F8-64CD-438F-94D6-5E95C45197DB}
	EndGlobalSection
EndGlobal
